
Microsoft Visual Studio Solution File, Format Version 12.00
# Visual Studio Version 16
VisualStudioVersion = 16.0.31112.23
MinimumVisualStudioVersion = 10.0.40219.1
Project("{FAE04EC0-301F-11D3-BF4B-00C04F79EFBC}") = "Task1", "Task1\Task1.csproj", "{38EA4340-3B5A-4C76-936B-94DCC9F19FD7}"
EndProject
Project("{FAE04EC0-301F-11D3-BF4B-00C04F79EFBC}") = "Task2", "Task2\Task2.csproj", "{2B8F7E81-D682-4C37-9112-EE44E69709F7}"
EndProject
Global
	GlobalSection(SolutionConfigurationPlatforms) = preSolution
		Debug|Any CPU = Debug|Any CPU
		Release|Any CPU = Release|Any CPU
	EndGlobalSection
	GlobalSection(ProjectConfigurationPlatforms) = postSolution
		{38EA4340-3B5A-4C76-936B-94DCC9F19FD7}.Debug|Any CPU.ActiveCfg = Debug|Any CPU
		{38EA4340-3B5A-4C76-936B-94DCC9F19FD7}.Debug|Any CPU.Build.0 = Debug|Any CPU
		{38EA4340-3B5A-4C76-936B-94DCC9F19FD7}.Release|Any CPU.ActiveCfg = Release|Any CPU
		{38EA4340-3B5A-4C76-936B-94DCC9F19FD7}.Release|Any CPU.Build.0 = Release|Any CPU
		{2B8F7E81-D682-4C37-9112-EE44E69709F7}.Debug|Any CPU.ActiveCfg = Debug|Any CPU
		{2B8F7E81-D682-4C37-9112-EE44E69709F7}.Debug|Any CPU.Build.0 = Debug|Any CPU
		{2B8F7E81-D682-4C37-9112-EE44E69709F7}.Release|Any CPU.ActiveCfg = Release|Any CPU
		{2B8F7E81-D682-4C37-9112-EE44E69709F7}.Release|Any CPU.Build.0 = Release|Any CPU
	EndGlobalSection
	GlobalSection(SolutionProperties) = preSolution
		HideSolutionNode = FALSE
	EndGlobalSection
	GlobalSection(ExtensibilityGlobals) = postSolution
		SolutionGuid = {2188B4E1-4A94-4823-AAA5-218D930EF2B6}
	EndGlobalSection
EndGlobal
