
Microsoft Visual Studio Solution File, Format Version 12.00
# Visual Studio Version 16
VisualStudioVersion = 16.0.31112.23
MinimumVisualStudioVersion = 10.0.40219.1
Project("{9A19103F-16F7-4668-BE54-9A1E7A4F7556}") = "ProjectEntityFrameWork", "ProjectEntityFrameWork\ProjectEntityFrameWork.csproj", "{3EB1A111-8E6A-45F4-9416-9352947BCC2E}"
EndProject
Project("{9A19103F-16F7-4668-BE54-9A1E7A4F7556}") = "ProjectEntityFrameWork.Data", "ProjectEntityFrameWork.Data\ProjectEntityFrameWork.Data.csproj", "{14C84C65-2F93-4D52-96DC-102BF8E16E8C}"
EndProject
Project("{9A19103F-16F7-4668-BE54-9A1E7A4F7556}") = "ProjectEntityFrameWork.Training", "ProjectEntityFrameWork.Training\ProjectEntityFrameWork.Training.csproj", "{0712A22F-43CA-4525-B804-F939D465A480}"
EndProject
Project("{9A19103F-16F7-4668-BE54-9A1E7A4F7556}") = "ProjectEntityFrameWork.Common", "ProjectEntityFrameWork.Common\ProjectEntityFrameWork.Common.csproj", "{EC3A7D5D-0263-4C3F-91B8-C9CC5942631C}"
EndProject
Project("{FAE04EC0-301F-11D3-BF4B-00C04F79EFBC}") = "ProjectEntityFrameWork.Membership", "ProjectEntityFrameWork.Membership\ProjectEntityFrameWork.Membership.csproj", "{37DE6F5E-01D8-446C-9379-7B52C9043671}"
EndProject
Global
	GlobalSection(SolutionConfigurationPlatforms) = preSolution
		Debug|Any CPU = Debug|Any CPU
		Release|Any CPU = Release|Any CPU
	EndGlobalSection
	GlobalSection(ProjectConfigurationPlatforms) = postSolution
		{3EB1A111-8E6A-45F4-9416-9352947BCC2E}.Debug|Any CPU.ActiveCfg = Debug|Any CPU
		{3EB1A111-8E6A-45F4-9416-9352947BCC2E}.Debug|Any CPU.Build.0 = Debug|Any CPU
		{3EB1A111-8E6A-45F4-9416-9352947BCC2E}.Release|Any CPU.ActiveCfg = Release|Any CPU
		{3EB1A111-8E6A-45F4-9416-9352947BCC2E}.Release|Any CPU.Build.0 = Release|Any CPU
		{14C84C65-2F93-4D52-96DC-102BF8E16E8C}.Debug|Any CPU.ActiveCfg = Debug|Any CPU
		{14C84C65-2F93-4D52-96DC-102BF8E16E8C}.Debug|Any CPU.Build.0 = Debug|Any CPU
		{14C84C65-2F93-4D52-96DC-102BF8E16E8C}.Release|Any CPU.ActiveCfg = Release|Any CPU
		{14C84C65-2F93-4D52-96DC-102BF8E16E8C}.Release|Any CPU.Build.0 = Release|Any CPU
		{0712A22F-43CA-4525-B804-F939D465A480}.Debug|Any CPU.ActiveCfg = Debug|Any CPU
		{0712A22F-43CA-4525-B804-F939D465A480}.Debug|Any CPU.Build.0 = Debug|Any CPU
		{0712A22F-43CA-4525-B804-F939D465A480}.Release|Any CPU.ActiveCfg = Release|Any CPU
		{0712A22F-43CA-4525-B804-F939D465A480}.Release|Any CPU.Build.0 = Release|Any CPU
		{EC3A7D5D-0263-4C3F-91B8-C9CC5942631C}.Debug|Any CPU.ActiveCfg = Debug|Any CPU
		{EC3A7D5D-0263-4C3F-91B8-C9CC5942631C}.Debug|Any CPU.Build.0 = Debug|Any CPU
		{EC3A7D5D-0263-4C3F-91B8-C9CC5942631C}.Release|Any CPU.ActiveCfg = Release|Any CPU
		{EC3A7D5D-0263-4C3F-91B8-C9CC5942631C}.Release|Any CPU.Build.0 = Release|Any CPU
		{37DE6F5E-01D8-446C-9379-7B52C9043671}.Debug|Any CPU.ActiveCfg = Debug|Any CPU
		{37DE6F5E-01D8-446C-9379-7B52C9043671}.Debug|Any CPU.Build.0 = Debug|Any CPU
		{37DE6F5E-01D8-446C-9379-7B52C9043671}.Release|Any CPU.ActiveCfg = Release|Any CPU
		{37DE6F5E-01D8-446C-9379-7B52C9043671}.Release|Any CPU.Build.0 = Release|Any CPU
	EndGlobalSection
	GlobalSection(SolutionProperties) = preSolution
		HideSolutionNode = FALSE
	EndGlobalSection
	GlobalSection(ExtensibilityGlobals) = postSolution
		SolutionGuid = {A38B6C5E-2A2D-479E-9A9E-99053DD8E11A}
	EndGlobalSection
EndGlobal
