
Microsoft Visual Studio Solution File, Format Version 12.00
# Visual Studio Version 16
VisualStudioVersion = 16.0.31112.23
MinimumVisualStudioVersion = 10.0.40219.1
Project("{9A19103F-16F7-4668-BE54-9A1E7A4F7556}") = "FirstDemo", "FirstDemo\FirstDemo.csproj", "{52A02B85-4F33-48F0-AC2E-FD5A4E2B1474}"
EndProject
Project("{9A19103F-16F7-4668-BE54-9A1E7A4F7556}") = "SerilogDemo", "SerilogDemo\SerilogDemo.csproj", "{69B8480A-19F7-4EC5-9373-A61C81151007}"
EndProject
Project("{FAE04EC0-301F-11D3-BF4B-00C04F79EFBC}") = "Serilogforemail", "Serilogforemail\Serilogforemail.csproj", "{14500D6C-F8D1-4BD7-B96C-00D96B5A99AE}"
EndProject
Global
	GlobalSection(SolutionConfigurationPlatforms) = preSolution
		Debug|Any CPU = Debug|Any CPU
		Release|Any CPU = Release|Any CPU
	EndGlobalSection
	GlobalSection(ProjectConfigurationPlatforms) = postSolution
		{52A02B85-4F33-48F0-AC2E-FD5A4E2B1474}.Debug|Any CPU.ActiveCfg = Debug|Any CPU
		{52A02B85-4F33-48F0-AC2E-FD5A4E2B1474}.Debug|Any CPU.Build.0 = Debug|Any CPU
		{52A02B85-4F33-48F0-AC2E-FD5A4E2B1474}.Release|Any CPU.ActiveCfg = Release|Any CPU
		{52A02B85-4F33-48F0-AC2E-FD5A4E2B1474}.Release|Any CPU.Build.0 = Release|Any CPU
		{69B8480A-19F7-4EC5-9373-A61C81151007}.Debug|Any CPU.ActiveCfg = Debug|Any CPU
		{69B8480A-19F7-4EC5-9373-A61C81151007}.Debug|Any CPU.Build.0 = Debug|Any CPU
		{69B8480A-19F7-4EC5-9373-A61C81151007}.Release|Any CPU.ActiveCfg = Release|Any CPU
		{69B8480A-19F7-4EC5-9373-A61C81151007}.Release|Any CPU.Build.0 = Release|Any CPU
		{14500D6C-F8D1-4BD7-B96C-00D96B5A99AE}.Debug|Any CPU.ActiveCfg = Debug|Any CPU
		{14500D6C-F8D1-4BD7-B96C-00D96B5A99AE}.Debug|Any CPU.Build.0 = Debug|Any CPU
		{14500D6C-F8D1-4BD7-B96C-00D96B5A99AE}.Release|Any CPU.ActiveCfg = Release|Any CPU
		{14500D6C-F8D1-4BD7-B96C-00D96B5A99AE}.Release|Any CPU.Build.0 = Release|Any CPU
	EndGlobalSection
	GlobalSection(SolutionProperties) = preSolution
		HideSolutionNode = FALSE
	EndGlobalSection
	GlobalSection(ExtensibilityGlobals) = postSolution
		SolutionGuid = {DFAA159F-9BF0-49BC-A55B-D84995B84571}
	EndGlobalSection
EndGlobal
